
Microsoft Visual Studio Solution File, Format Version 12.00
# Visual Studio Version 17
VisualStudioVersion = 17.11.35222.181
MinimumVisualStudioVersion = 10.0.40219.1
Project("{FAE04EC0-301F-11D3-BF4B-00C04F79EFBC}") = "DatingAPIUdemy", "DatingAPIUdemy\DatingAPIUdemy.csproj", "{4FB59476-3C95-4EE4-BBD5-B238180F82A9}"
EndProject
Global
	GlobalSection(SolutionConfigurationPlatforms) = preSolution
		Debug|Any CPU = Debug|Any CPU
		Release|Any CPU = Release|Any CPU
	EndGlobalSection
	GlobalSection(ProjectConfigurationPlatforms) = postSolution
		{4FB59476-3C95-4EE4-BBD5-B238180F82A9}.Debug|Any CPU.ActiveCfg = Debug|Any CPU
		{4FB59476-3C95-4EE4-BBD5-B238180F82A9}.Debug|Any CPU.Build.0 = Debug|Any CPU
		{4FB59476-3C95-4EE4-BBD5-B238180F82A9}.Release|Any CPU.ActiveCfg = Release|Any CPU
		{4FB59476-3C95-4EE4-BBD5-B238180F82A9}.Release|Any CPU.Build.0 = Release|Any CPU
	EndGlobalSection
	GlobalSection(SolutionProperties) = preSolution
		HideSolutionNode = FALSE
	EndGlobalSection
	GlobalSection(ExtensibilityGlobals) = postSolution
		SolutionGuid = {351C2503-E668-4C2E-BB5B-8248E14A5CCC}
	EndGlobalSection
EndGlobal
